{
  "name": "demo",
  "version": "1.0.0",
  "lockfileVersion": 1,
  "requires": true,
  "dependencies": {
    "@discoveryjs/json-ext": {
      "version": "0.5.7",
      "resolved": "http://npm.idcvdian.com/@discoveryjs/json-ext/download/@discoveryjs/json-ext-0.5.7.tgz",
      "integrity": "sha1-HVcr+74Ut3BOC6Dzm3SBW4SHDXA=",
      "dev": true
    },
    "@jridgewell/gen-mapping": {
      "version": "0.3.5",
      "resolved": "http://npm.idcvdian.com/@jridgewell/gen-mapping/download/@jridgewell/gen-mapping-0.3.5.tgz",
      "integrity": "sha1-3M5q/3S99trRqVgCtpsEovyx+zY=",
      "requires": {
        "@jridgewell/set-array": "^1.2.1",
        "@jridgewell/sourcemap-codec": "^1.4.10",
        "@jridgewell/trace-mapping": "^0.3.24"
      }
    },
    "@jridgewell/resolve-uri": {
      "version": "3.1.2",
      "resolved": "http://npm.idcvdian.com/@jridgewell/resolve-uri/download/@jridgewell/resolve-uri-3.1.2.tgz",
      "integrity": "sha1-eg7mAfYPmaIMfHxf8MgDiMEYm9Y="
    },
    "@jridgewell/set-array": {
      "version": "1.2.1",
      "resolved": "http://npm.idcvdian.com/@jridgewell/set-array/download/@jridgewell/set-array-1.2.1.tgz",
      "integrity": "sha1-VY+2Ry7RakyFC4iVMOazZDjEkoA="
    },
    "@jridgewell/source-map": {
      "version": "0.3.6",
      "resolved": "http://npm.idcvdian.com/@jridgewell/source-map/download/@jridgewell/source-map-0.3.6.tgz",
      "integrity": "sha1-nXHKiG4yUC65NiyadKRnh8Nt+Bo=",
      "requires": {
        "@jridgewell/gen-mapping": "^0.3.5",
        "@jridgewell/trace-mapping": "^0.3.25"
      }
    },
    "@jridgewell/sourcemap-codec": {
      "version": "1.4.15",
      "resolved": "http://npm.idcvdian.com/@jridgewell/sourcemap-codec/download/@jridgewell/sourcemap-codec-1.4.15.tgz",
      "integrity": "sha1-18bmdVx4VnqVHgSrUu8P0m3lnzI="
    },
    "@jridgewell/trace-mapping": {
      "version": "0.3.25",
      "resolved": "http://npm.idcvdian.com/@jridgewell/trace-mapping/download/@jridgewell/trace-mapping-0.3.25.tgz",
      "integrity": "sha1-FfGQ6YiV8/wjJ27hS8drZ1wuUPA=",
      "requires": {
        "@jridgewell/resolve-uri": "^3.1.0",
        "@jridgewell/sourcemap-codec": "^1.4.14"
      }
    },
    "@types/eslint": {
      "version": "8.56.10",
      "resolved": "http://npm.idcvdian.com/@types/eslint/download/@types/eslint-8.56.10.tgz",
      "integrity": "sha1-6yNwpzvwSpAe66jyJZXH7g9+tY0=",
      "requires": {
        "@types/estree": "*",
        "@types/json-schema": "*"
      }
    },
    "@types/eslint-scope": {
      "version": "3.7.7",
      "resolved": "http://npm.idcvdian.com/@types/eslint-scope/download/@types/eslint-scope-3.7.7.tgz",
      "integrity": "sha1-MQi9XxiwzbJ3yGez3UScntcHmsU=",
      "requires": {
        "@types/eslint": "*",
        "@types/estree": "*"
      }
    },
    "@types/estree": {
      "version": "1.0.5",
      "resolved": "http://npm.idcvdian.com/@types/estree/download/@types/estree-1.0.5.tgz",
      "integrity": "sha1-ps4+VW4A/ZiV3Yct0XKtDUvWh/Q="
    },
    "@types/json-schema": {
      "version": "7.0.15",
      "resolved": "http://npm.idcvdian.com/@types/json-schema/download/@types/json-schema-7.0.15.tgz",
      "integrity": "sha1-WWoXRyM2lNUPatinhp/Lb1bPWEE="
    },
    "@types/node": {
      "version": "20.14.11",
      "resolved": "http://npm.idcvdian.com/@types/node/download/@types/node-20.14.11.tgz",
      "integrity": "sha1-CbMAQjNDRgRVBD3dTQ3tasV5t0s=",
      "requires": {
        "undici-types": "~5.26.4"
      }
    },
    "@webassemblyjs/ast": {
      "version": "1.12.1",
      "resolved": "http://npm.idcvdian.com/@webassemblyjs/ast/download/@webassemblyjs/ast-1.12.1.tgz",
      "integrity": "sha1-uxag6LGRT5efRYZMI4Gcw+Pw1Ls=",
      "requires": {
        "@webassemblyjs/helper-numbers": "1.11.6",
        "@webassemblyjs/helper-wasm-bytecode": "1.11.6"
      }
    },
    "@webassemblyjs/floating-point-hex-parser": {
      "version": "1.11.6",
      "resolved": "http://npm.idcvdian.com/@webassemblyjs/floating-point-hex-parser/download/@webassemblyjs/floating-point-hex-parser-1.11.6.tgz",
      "integrity": "sha1-2svLla/xNcgmD3f6O0xf6mAKZDE="
    },
    "@webassemblyjs/helper-api-error": {
      "version": "1.11.6",
      "resolved": "http://npm.idcvdian.com/@webassemblyjs/helper-api-error/download/@webassemblyjs/helper-api-error-1.11.6.tgz",
      "integrity": "sha1-YTL2jErNWdzRQcRLGMvrvZ8vp2g="
    },
    "@webassemblyjs/helper-buffer": {
      "version": "1.12.1",
      "resolved": "http://npm.idcvdian.com/@webassemblyjs/helper-buffer/download/@webassemblyjs/helper-buffer-1.12.1.tgz",
      "integrity": "sha1-bfINJy6lQ5vyCrNJK3+3Dpv8s/Y="
    },
    "@webassemblyjs/helper-numbers": {
      "version": "1.11.6",
      "resolved": "http://npm.idcvdian.com/@webassemblyjs/helper-numbers/download/@webassemblyjs/helper-numbers-1.11.6.tgz",
      "integrity": "sha1-y85efgwb0yz0kFrkRO9kzqkZ8bU=",
      "requires": {
        "@webassemblyjs/floating-point-hex-parser": "1.11.6",
        "@webassemblyjs/helper-api-error": "1.11.6",
        "@xtuc/long": "4.2.2"
      }
    },
    "@webassemblyjs/helper-wasm-bytecode": {
      "version": "1.11.6",
      "resolved": "http://npm.idcvdian.com/@webassemblyjs/helper-wasm-bytecode/download/@webassemblyjs/helper-wasm-bytecode-1.11.6.tgz",
      "integrity": "sha1-uy69s7g6om2bqtTEbUMVKDrNUek="
    },
    "@webassemblyjs/helper-wasm-section": {
      "version": "1.12.1",
      "resolved": "http://npm.idcvdian.com/@webassemblyjs/helper-wasm-section/download/@webassemblyjs/helper-wasm-section-1.12.1.tgz",
      "integrity": "sha1-PaYjIzrhpgQJtQmlKt6bwio3978=",
      "requires": {
        "@webassemblyjs/ast": "1.12.1",
        "@webassemblyjs/helper-buffer": "1.12.1",
        "@webassemblyjs/helper-wasm-bytecode": "1.11.6",
        "@webassemblyjs/wasm-gen": "1.12.1"
      }
    },
    "@webassemblyjs/ieee754": {
      "version": "1.11.6",
      "resolved": "http://npm.idcvdian.com/@webassemblyjs/ieee754/download/@webassemblyjs/ieee754-1.11.6.tgz",
      "integrity": "sha1-u2ZckdCxT//OsOOCmMMprwQ8bjo=",
      "requires": {
        "@xtuc/ieee754": "^1.2.0"
      }
    },
    "@webassemblyjs/leb128": {
      "version": "1.11.6",
      "resolved": "http://npm.idcvdian.com/@webassemblyjs/leb128/download/@webassemblyjs/leb128-1.11.6.tgz",
      "integrity": "sha1-cOYOXoL5rIERi8JTgaCyg4kyQNc=",
      "requires": {
        "@xtuc/long": "4.2.2"
      }
    },
    "@webassemblyjs/utf8": {
      "version": "1.11.6",
      "resolved": "http://npm.idcvdian.com/@webassemblyjs/utf8/download/@webassemblyjs/utf8-1.11.6.tgz",
      "integrity": "sha1-kPi8NMVhWV/hVmA75yU8280Pq1o="
    },
    "@webassemblyjs/wasm-edit": {
      "version": "1.12.1",
      "resolved": "http://npm.idcvdian.com/@webassemblyjs/wasm-edit/download/@webassemblyjs/wasm-edit-1.12.1.tgz",
      "integrity": "sha1-n58/9SoUyYCTm+DvnV3568Z4rjs=",
      "requires": {
        "@webassemblyjs/ast": "1.12.1",
        "@webassemblyjs/helper-buffer": "1.12.1",
        "@webassemblyjs/helper-wasm-bytecode": "1.11.6",
        "@webassemblyjs/helper-wasm-section": "1.12.1",
        "@webassemblyjs/wasm-gen": "1.12.1",
        "@webassemblyjs/wasm-opt": "1.12.1",
        "@webassemblyjs/wasm-parser": "1.12.1",
        "@webassemblyjs/wast-printer": "1.12.1"
      }
    },
    "@webassemblyjs/wasm-gen": {
      "version": "1.12.1",
      "resolved": "http://npm.idcvdian.com/@webassemblyjs/wasm-gen/download/@webassemblyjs/wasm-gen-1.12.1.tgz",
      "integrity": "sha1-plIGAdobVwBEgnNmanGtCkXXhUc=",
      "requires": {
        "@webassemblyjs/ast": "1.12.1",
        "@webassemblyjs/helper-wasm-bytecode": "1.11.6",
        "@webassemblyjs/ieee754": "1.11.6",
        "@webassemblyjs/leb128": "1.11.6",
        "@webassemblyjs/utf8": "1.11.6"
      }
    },
    "@webassemblyjs/wasm-opt": {
      "version": "1.12.1",
      "resolved": "http://npm.idcvdian.com/@webassemblyjs/wasm-opt/download/@webassemblyjs/wasm-opt-1.12.1.tgz",
      "integrity": "sha1-nm6BR138+2LatXSsLdo4ImwjK8U=",
      "requires": {
        "@webassemblyjs/ast": "1.12.1",
        "@webassemblyjs/helper-buffer": "1.12.1",
        "@webassemblyjs/wasm-gen": "1.12.1",
        "@webassemblyjs/wasm-parser": "1.12.1"
      }
    },
    "@webassemblyjs/wasm-parser": {
      "version": "1.12.1",
      "resolved": "http://npm.idcvdian.com/@webassemblyjs/wasm-parser/download/@webassemblyjs/wasm-parser-1.12.1.tgz",
      "integrity": "sha1-xHrLkObwgzkeP6YdETZQ7qHpWTc=",
      "requires": {
        "@webassemblyjs/ast": "1.12.1",
        "@webassemblyjs/helper-api-error": "1.11.6",
        "@webassemblyjs/helper-wasm-bytecode": "1.11.6",
        "@webassemblyjs/ieee754": "1.11.6",
        "@webassemblyjs/leb128": "1.11.6",
        "@webassemblyjs/utf8": "1.11.6"
      }
    },
    "@webassemblyjs/wast-printer": {
      "version": "1.12.1",
      "resolved": "http://npm.idcvdian.com/@webassemblyjs/wast-printer/download/@webassemblyjs/wast-printer-1.12.1.tgz",
      "integrity": "sha1-vOz2YdfRq9r5idg0Gkgz4z4rMaw=",
      "requires": {
        "@webassemblyjs/ast": "1.12.1",
        "@xtuc/long": "4.2.2"
      }
    },
    "@webpack-cli/configtest": {
      "version": "2.1.1",
      "resolved": "http://npm.idcvdian.com/@webpack-cli/configtest/download/@webpack-cli/configtest-2.1.1.tgz",
      "integrity": "sha1-Oy+FLpHaxuO4X7KjFPuL70bZRkY=",
      "dev": true
    },
    "@webpack-cli/info": {
      "version": "2.0.2",
      "resolved": "http://npm.idcvdian.com/@webpack-cli/info/download/@webpack-cli/info-2.0.2.tgz",
      "integrity": "sha1-zD+/Iu/riP9iMQz4hcWwn0SuD90=",
      "dev": true
    },
    "@webpack-cli/serve": {
      "version": "2.0.5",
      "resolved": "http://npm.idcvdian.com/@webpack-cli/serve/download/@webpack-cli/serve-2.0.5.tgz",
      "integrity": "sha1-Ml20I5XNSf5sFAV/mpAOQn34gQ4=",
      "dev": true
    },
    "@xtuc/ieee754": {
      "version": "1.2.0",
      "resolved": "http://npm.idcvdian.com/@xtuc/ieee754/download/@xtuc/ieee754-1.2.0.tgz",
      "integrity": "sha1-7vAUoxRa5Hehy8AM0eVSM23Ot5A="
    },
    "@xtuc/long": {
      "version": "4.2.2",
      "resolved": "http://npm.idcvdian.com/@xtuc/long/download/@xtuc/long-4.2.2.tgz",
      "integrity": "sha1-0pHGpOl5ibXGHZrPOWrk/hM6cY0="
    },
    "acorn": {
      "version": "8.12.1",
      "resolved": "http://npm.idcvdian.com/acorn/download/acorn-8.12.1.tgz",
      "integrity": "sha1-cWFr3MviXielRDngBG6JynbfIkg="
    },
    "acorn-import-attributes": {
      "version": "1.9.5",
      "resolved": "http://npm.idcvdian.com/acorn-import-attributes/download/acorn-import-attributes-1.9.5.tgz",
      "integrity": "sha1-frFVexugXvGLXtDsZ1kb+rBGiO8="
    },
    "ajv": {
      "version": "6.12.6",
      "resolved": "http://npm.idcvdian.com/ajv/download/ajv-6.12.6.tgz",
      "integrity": "sha1-uvWmLoArB9l3A0WG+MO69a3ybfQ=",
      "requires": {
        "fast-deep-equal": "^3.1.1",
        "fast-json-stable-stringify": "^2.0.0",
        "json-schema-traverse": "^0.4.1",
        "uri-js": "^4.2.2"
      }
    },
    "ajv-keywords": {
      "version": "3.5.2",
      "resolved": "http://npm.idcvdian.com/ajv-keywords/download/ajv-keywords-3.5.2.tgz",
      "integrity": "sha1-MfKdpatuANHC0yms97WSlhTVAU0="
    },
    "ansi-styles": {
      "version": "4.3.0",
      "resolved": "http://npm.idcvdian.com/ansi-styles/download/ansi-styles-4.3.0.tgz",
      "integrity": "sha1-7dgDYornHATIWuegkG7a00tkiTc=",
      "dev": true,
      "requires": {
        "color-convert": "^2.0.1"
      }
    },
    "braces": {
      "version": "3.0.3",
      "resolved": "http://npm.idcvdian.com/braces/download/braces-3.0.3.tgz",
      "integrity": "sha1-SQMy9AkZRSJy1VqEgK3AxEE1h4k=",
      "dev": true,
      "requires": {
        "fill-range": "^7.1.1"
      }
    },
    "browserslist": {
      "version": "4.23.1",
      "resolved": "http://npm.idcvdian.com/browserslist/download/browserslist-4.23.1.tgz",
      "integrity": "sha1-zkrwU0s9N9tcGkypi5CA+YUEHpY=",
      "requires": {
        "caniuse-lite": "^1.0.30001629",
        "electron-to-chromium": "^1.4.796",
        "node-releases": "^2.0.14",
        "update-browserslist-db": "^1.0.16"
      }
    },
    "buffer-from": {
      "version": "1.1.2",
      "resolved": "http://npm.idcvdian.com/buffer-from/download/buffer-from-1.1.2.tgz",
      "integrity": "sha1-KxRqb9cugLT1XSVfNe1Zo6mkG9U="
    },
    "caniuse-lite": {
      "version": "1.0.30001640",
      "resolved": "http://npm.idcvdian.com/caniuse-lite/download/caniuse-lite-1.0.30001640.tgz",
      "integrity": "sha1-MsRn1L8fGg+qY/x5PCuoEWnnZS8="
    },
    "chalk": {
      "version": "4.1.2",
      "resolved": "http://npm.idcvdian.com/chalk/download/chalk-4.1.2.tgz",
      "integrity": "sha1-qsTit3NKdAhnrrFr8CqtVWoeegE=",
      "dev": true,
      "requires": {
        "ansi-styles": "^4.1.0",
        "supports-color": "^7.1.0"
      }
    },
    "chrome-trace-event": {
      "version": "1.0.4",
      "resolved": "http://npm.idcvdian.com/chrome-trace-event/download/chrome-trace-event-1.0.4.tgz",
      "integrity": "sha1-Bb/9f/koRlCTMUcIyTvfqb0fD1s="
    },
    "clone-deep": {
      "version": "4.0.1",
      "resolved": "http://npm.idcvdian.com/clone-deep/download/clone-deep-4.0.1.tgz",
      "integrity": "sha1-wZ/Zvbv4WUK0/ZechNz31fB8I4c=",
      "dev": true,
      "requires": {
        "is-plain-object": "^2.0.4",
        "kind-of": "^6.0.2",
        "shallow-clone": "^3.0.0"
      }
    },
    "color-convert": {
      "version": "2.0.1",
      "resolved": "http://npm.idcvdian.com/color-convert/download/color-convert-2.0.1.tgz",
      "integrity": "sha1-ctOmjVmMm9s68q0ehPIdiWq9TeM=",
      "dev": true,
      "requires": {
        "color-name": "~1.1.4"
      }
    },
    "color-name": {
      "version": "1.1.4",
      "resolved": "http://npm.idcvdian.com/color-name/download/color-name-1.1.4.tgz",
      "integrity": "sha1-wqCah6y95pVD3m9j+jmVyCbFNqI=",
      "dev": true
    },
    "colorette": {
      "version": "2.0.20",
      "resolved": "http://npm.idcvdian.com/colorette/download/colorette-2.0.20.tgz",
      "integrity": "sha1-nreT5oMwZ/cjWQL807CZF6AAqVo=",
      "dev": true
    },
    "commander": {
      "version": "2.20.3",
      "resolved": "http://npm.idcvdian.com/commander/download/commander-2.20.3.tgz",
      "integrity": "sha1-/UhehMA+tIgcIHIrpIA16FMa6zM="
    },
    "cross-spawn": {
      "version": "7.0.3",
      "resolved": "http://npm.idcvdian.com/cross-spawn/download/cross-spawn-7.0.3.tgz",
      "integrity": "sha1-9zqFudXUHQRVUcF34ogtSshXKKY=",
      "dev": true,
      "requires": {
        "path-key": "^3.1.0",
        "shebang-command": "^2.0.0",
        "which": "^2.0.1"
      }
    },
    "electron-to-chromium": {
      "version": "1.4.798",
      "resolved": "http://npm.idcvdian.com/electron-to-chromium/download/electron-to-chromium-1.4.798.tgz",
      "integrity": "sha1-aj/Ksu3B5m44g0Zva0uJRDI8AWQ="
    },
    "enhanced-resolve": {
      "version": "5.17.0",
      "resolved": "http://npm.idcvdian.com/enhanced-resolve/download/enhanced-resolve-5.17.0.tgz",
      "integrity": "sha1-0DdgN4ndlVW4mq7H63iEXEkIm8U=",
      "requires": {
        "graceful-fs": "^4.2.4",
        "tapable": "^2.2.0"
      }
    },
    "envinfo": {
      "version": "7.13.0",
      "resolved": "http://npm.idcvdian.com/envinfo/download/envinfo-7.13.0.tgz",
      "integrity": "sha1-gfu4Hl2jXXToFJQa6rfDJaYG+zE=",
      "dev": true
    },
    "es-module-lexer": {
      "version": "1.5.4",
      "resolved": "http://npm.idcvdian.com/es-module-lexer/download/es-module-lexer-1.5.4.tgz",
      "integrity": "sha1-qO/sOj2pkeYO+mtjOnytarjSa3g="
    },
    "escalade": {
      "version": "3.1.2",
      "resolved": "http://npm.idcvdian.com/escalade/download/escalade-3.1.2.tgz",
      "integrity": "sha1-VAdumrKepb89jx7WKs/7uIJy3yc="
    },
    "eslint-scope": {
      "version": "5.1.1",
      "resolved": "http://npm.idcvdian.com/eslint-scope/download/eslint-scope-5.1.1.tgz",
      "integrity": "sha1-54blmmbLkrP2wfsNUIqrF0hI9Iw=",
      "requires": {
        "esrecurse": "^4.3.0",
        "estraverse": "^4.1.1"
      }
    },
    "esrecurse": {
      "version": "4.3.0",
      "resolved": "http://npm.idcvdian.com/esrecurse/download/esrecurse-4.3.0.tgz",
      "integrity": "sha1-eteWTWeauyi+5yzsY3WLHF0smSE=",
      "requires": {
        "estraverse": "^5.2.0"
      },
      "dependencies": {
        "estraverse": {
          "version": "5.3.0",
          "resolved": "http://npm.idcvdian.com/estraverse/download/estraverse-5.3.0.tgz",
          "integrity": "sha1-LupSkHAvJquP5TcDcP+GyWXSESM="
        }
      }
    },
    "estraverse": {
      "version": "4.3.0",
      "resolved": "http://npm.idcvdian.com/estraverse/download/estraverse-4.3.0.tgz",
      "integrity": "sha1-OYrT88WiSUi+dyXoPRGn3ijNvR0="
    },
    "events": {
      "version": "3.3.0",
      "resolved": "http://npm.idcvdian.com/events/download/events-3.3.0.tgz",
      "integrity": "sha1-Mala0Kkk4tLEGagTrrLE6HjqdAA="
    },
    "fast-deep-equal": {
      "version": "3.1.3",
      "resolved": "http://npm.idcvdian.com/fast-deep-equal/download/fast-deep-equal-3.1.3.tgz",
      "integrity": "sha1-On1WtVnWy8PrUSMlJE5hmmXGxSU="
    },
    "fast-json-stable-stringify": {
      "version": "2.1.0",
      "resolved": "http://npm.idcvdian.com/fast-json-stable-stringify/download/fast-json-stable-stringify-2.1.0.tgz",
      "integrity": "sha1-h0v2nG9ATCtdmcSBNBOZ/VWJJjM="
    },
    "fastest-levenshtein": {
      "version": "1.0.16",
      "resolved": "http://npm.idcvdian.com/fastest-levenshtein/download/fastest-levenshtein-1.0.16.tgz",
      "integrity": "sha1-IQ5htv8YHekeqbPRuE/e3UfgNOU=",
      "dev": true
    },
    "fill-range": {
      "version": "7.1.1",
      "resolved": "http://npm.idcvdian.com/fill-range/download/fill-range-7.1.1.tgz",
      "integrity": "sha1-RCZdPKwH4+p9wkdRY4BkN1SgUpI=",
      "dev": true,
      "requires": {
        "to-regex-range": "^5.0.1"
      }
    },
    "find-up": {
      "version": "4.1.0",
      "resolved": "http://npm.idcvdian.com/find-up/download/find-up-4.1.0.tgz",
      "integrity": "sha1-l6/n1s3AvFkoWEt8jXsW6KmqXRk=",
      "dev": true,
      "requires": {
        "locate-path": "^5.0.0",
        "path-exists": "^4.0.0"
      }
    },
    "flat": {
      "version": "5.0.2",
      "resolved": "http://npm.idcvdian.com/flat/download/flat-5.0.2.tgz",
      "integrity": "sha1-jKb+MyBp/6nTJMMnGYxZglnOskE=",
      "dev": true
    },
    "function-bind": {
      "version": "1.1.2",
      "resolved": "http://npm.idcvdian.com/function-bind/download/function-bind-1.1.2.tgz",
      "integrity": "sha1-LALYZNl/PqbIgwxGTL0Rq26rehw=",
      "dev": true
    },
    "glob-to-regexp": {
      "version": "0.4.1",
      "resolved": "http://npm.idcvdian.com/glob-to-regexp/download/glob-to-regexp-0.4.1.tgz",
      "integrity": "sha1-x1KXCHyFG5pXi9IX3VmpL1n+VG4="
    },
    "graceful-fs": {
      "version": "4.2.11",
      "resolved": "http://npm.idcvdian.com/graceful-fs/download/graceful-fs-4.2.11.tgz",
      "integrity": "sha1-QYPk6L8Iu24Fu7L30uDI9xLKQOM="
    },
    "has-flag": {
      "version": "4.0.0",
      "resolved": "http://npm.idcvdian.com/has-flag/download/has-flag-4.0.0.tgz",
      "integrity": "sha1-lEdx/ZyByBJlxNaUGGDaBrtZR5s="
    },
    "hasown": {
      "version": "2.0.2",
      "resolved": "http://npm.idcvdian.com/hasown/download/hasown-2.0.2.tgz",
      "integrity": "sha1-AD6vkb563DcuhOxZ3DclLO24AAM=",
      "dev": true,
      "requires": {
        "function-bind": "^1.1.2"
      }
    },
    "import-local": {
      "version": "3.1.0",
      "resolved": "http://npm.idcvdian.com/import-local/download/import-local-3.1.0.tgz",
      "integrity": "sha1-tEed+KX9RPbNziQHBnVnYGPJXLQ=",
      "dev": true,
      "requires": {
        "pkg-dir": "^4.2.0",
        "resolve-cwd": "^3.0.0"
      }
    },
    "interpret": {
      "version": "3.1.1",
      "resolved": "http://npm.idcvdian.com/interpret/download/interpret-3.1.1.tgz",
      "integrity": "sha1-W+DO7WfKecbEvFzw1+6EPc6hEMQ=",
      "dev": true
    },
    "is-core-module": {
      "version": "2.13.1",
      "resolved": "http://npm.idcvdian.com/is-core-module/download/is-core-module-2.13.1.tgz",
      "integrity": "sha1-rQ11Msb+qdoevcgnQtdFJcYnM4Q=",
      "dev": true,
      "requires": {
        "hasown": "^2.0.0"
      }
    },
    "is-number": {
      "version": "7.0.0",
      "resolved": "http://npm.idcvdian.com/is-number/download/is-number-7.0.0.tgz",
      "integrity": "sha1-dTU0W4lnNNX4DE0GxQlVUnoU8Ss=",
      "dev": true
    },
    "is-plain-object": {
      "version": "2.0.4",
      "resolved": "http://npm.idcvdian.com/is-plain-object/download/is-plain-object-2.0.4.tgz",
      "integrity": "sha1-LBY7P6+xtgbZ0Xko8FwqHDjgdnc=",
      "dev": true,
      "requires": {
        "isobject": "^3.0.1"
      }
    },
    "isexe": {
      "version": "2.0.0",
      "resolved": "http://npm.idcvdian.com/isexe/download/isexe-2.0.0.tgz",
      "integrity": "sha1-6PvzdNxVb/iUehDcsFctYz8s+hA=",
      "dev": true
    },
    "isobject": {
      "version": "3.0.1",
      "resolved": "http://npm.idcvdian.com/isobject/download/isobject-3.0.1.tgz",
      "integrity": "sha1-TkMekrEalzFjaqH5yNHMvP2reN8=",
      "dev": true
    },
    "jest-worker": {
      "version": "27.5.1",
      "resolved": "http://npm.idcvdian.com/jest-worker/download/jest-worker-27.5.1.tgz",
      "integrity": "sha1-jRRvCQDolzsQa29zzB6ajLhvjbA=",
      "requires": {
        "@types/node": "*",
        "merge-stream": "^2.0.0",
        "supports-color": "^8.0.0"
      },
      "dependencies": {
        "supports-color": {
          "version": "8.1.1",
          "resolved": "http://npm.idcvdian.com/supports-color/download/supports-color-8.1.1.tgz",
          "integrity": "sha1-zW/BfihQDP9WwbhsCn/UpUpzAFw=",
          "requires": {
            "has-flag": "^4.0.0"
          }
        }
      }
    },
    "json-parse-even-better-errors": {
      "version": "2.3.1",
      "resolved": "http://npm.idcvdian.com/json-parse-even-better-errors/download/json-parse-even-better-errors-2.3.1.tgz",
      "integrity": "sha1-fEeAWpQxmSjgV3dAXcEuH3pO4C0="
    },
    "json-schema-traverse": {
      "version": "0.4.1",
      "resolved": "http://npm.idcvdian.com/json-schema-traverse/download/json-schema-traverse-0.4.1.tgz",
      "integrity": "sha1-afaofZUTq4u4/mO9sJecRI5oRmA="
    },
    "kind-of": {
      "version": "6.0.3",
      "resolved": "http://npm.idcvdian.com/kind-of/download/kind-of-6.0.3.tgz",
      "integrity": "sha1-B8BQNKbDSfoG4k+jWqdttFgM5N0=",
      "dev": true
    },
    "loader-runner": {
      "version": "4.3.0",
      "resolved": "http://npm.idcvdian.com/loader-runner/download/loader-runner-4.3.0.tgz",
      "integrity": "sha1-wbShY7mfYUgwNTsWdV5xSawjFOE="
    },
    "locate-path": {
      "version": "5.0.0",
      "resolved": "http://npm.idcvdian.com/locate-path/download/locate-path-5.0.0.tgz",
      "integrity": "sha1-Gvujlq/WdqbUJQTQpno6frn2KqA=",
      "dev": true,
      "requires": {
        "p-locate": "^4.1.0"
      }
    },
    "merge-stream": {
      "version": "2.0.0",
      "resolved": "http://npm.idcvdian.com/merge-stream/download/merge-stream-2.0.0.tgz",
      "integrity": "sha1-UoI2KaFN0AyXcPtq1H3GMQ8sH2A="
    },
    "micromatch": {
      "version": "4.0.7",
      "resolved": "http://npm.idcvdian.com/micromatch/download/micromatch-4.0.7.tgz",
      "integrity": "sha1-M+gZDZ/kdKmJVSX1YY7uE21GwuU=",
      "dev": true,
      "requires": {
        "braces": "^3.0.3",
        "picomatch": "^2.3.1"
      }
    },
    "mime-db": {
      "version": "1.52.0",
      "resolved": "http://npm.idcvdian.com/mime-db/download/mime-db-1.52.0.tgz",
      "integrity": "sha1-u6vNwChZ9JhzAchW4zh85exDv3A="
    },
    "mime-types": {
      "version": "2.1.35",
      "resolved": "http://npm.idcvdian.com/mime-types/download/mime-types-2.1.35.tgz",
      "integrity": "sha1-OBqHG2KnNEUGYK497uRIE/cNlZo=",
      "requires": {
        "mime-db": "1.52.0"
      }
    },
    "neo-async": {
      "version": "2.6.2",
      "resolved": "http://npm.idcvdian.com/neo-async/download/neo-async-2.6.2.tgz",
      "integrity": "sha1-tKr7k+OustgXTKU88WOrfXMIMF8="
    },
    "node-releases": {
      "version": "2.0.14",
      "resolved": "http://npm.idcvdian.com/node-releases/download/node-releases-2.0.14.tgz",
      "integrity": "sha1-L/sFO864sr6Elezhq2zmAMRGGws="
    },
    "p-limit": {
      "version": "2.3.0",
      "resolved": "http://npm.idcvdian.com/p-limit/download/p-limit-2.3.0.tgz",
      "integrity": "sha1-PdM8ZHohT9//2DWTPrCG2g3CHbE=",
      "dev": true,
      "requires": {
        "p-try": "^2.0.0"
      }
    },
    "p-locate": {
      "version": "4.1.0",
      "resolved": "http://npm.idcvdian.com/p-locate/download/p-locate-4.1.0.tgz",
      "integrity": "sha1-o0KLtwiLOmApL2aRkni3wpetTwc=",
      "dev": true,
      "requires": {
        "p-limit": "^2.2.0"
      }
    },
    "p-try": {
      "version": "2.2.0",
      "resolved": "http://npm.idcvdian.com/p-try/download/p-try-2.2.0.tgz",
      "integrity": "sha1-yyhoVA4xPWHeWPr741zpAE1VQOY=",
      "dev": true
    },
    "path-exists": {
      "version": "4.0.0",
      "resolved": "http://npm.idcvdian.com/path-exists/download/path-exists-4.0.0.tgz",
      "integrity": "sha1-UTvb4tO5XXdi6METfvoZXGxhtbM=",
      "dev": true
    },
    "path-key": {
      "version": "3.1.1",
      "resolved": "http://npm.idcvdian.com/path-key/download/path-key-3.1.1.tgz",
      "integrity": "sha1-WB9q3mWMu6ZaDTOA3ndTKVBU83U=",
      "dev": true
    },
    "path-parse": {
      "version": "1.0.7",
      "resolved": "http://npm.idcvdian.com/path-parse/download/path-parse-1.0.7.tgz",
      "integrity": "sha1-+8EUtgykKzDZ2vWFjkvWi77bZzU=",
      "dev": true
    },
    "picocolors": {
      "version": "1.0.1",
      "resolved": "http://npm.idcvdian.com/picocolors/download/picocolors-1.0.1.tgz",
      "integrity": "sha1-qK1Xm1cZUvDl0liS3lRFvP4lqqE="
    },
    "picomatch": {
      "version": "2.3.1",
      "resolved": "http://npm.idcvdian.com/picomatch/download/picomatch-2.3.1.tgz",
      "integrity": "sha1-O6ODNzNkbZ0+SZWUbBNlpn+wekI=",
      "dev": true
    },
    "pkg-dir": {
      "version": "4.2.0",
      "resolved": "http://npm.idcvdian.com/pkg-dir/download/pkg-dir-4.2.0.tgz",
      "integrity": "sha1-8JkTPfft5CLoHR2ESCcO6z5CYfM=",
      "dev": true,
      "requires": {
        "find-up": "^4.0.0"
      }
    },
    "punycode": {
      "version": "2.3.1",
      "resolved": "http://npm.idcvdian.com/punycode/download/punycode-2.3.1.tgz",
      "integrity": "sha1-AnQi4vrsCyXhVJw+G9gwm5EztuU="
    },
    "randombytes": {
      "version": "2.1.0",
      "resolved": "http://npm.idcvdian.com/randombytes/download/randombytes-2.1.0.tgz",
      "integrity": "sha1-32+ENy8CcNxlzfYpE0mrekc9Tyo=",
      "requires": {
        "safe-buffer": "^5.1.0"
      }
    },
    "rechoir": {
      "version": "0.8.0",
      "resolved": "http://npm.idcvdian.com/rechoir/download/rechoir-0.8.0.tgz",
      "integrity": "sha1-Sfhm4NMhRhQto62PDv81KzIV/yI=",
      "dev": true,
      "requires": {
        "resolve": "^1.20.0"
      }
    },
    "resolve": {
      "version": "1.22.8",
      "resolved": "http://npm.idcvdian.com/resolve/download/resolve-1.22.8.tgz",
      "integrity": "sha1-tsh6nyqgbfq1Lj1wrIzeMh+lpI0=",
      "dev": true,
      "requires": {
        "is-core-module": "^2.13.0",
        "path-parse": "^1.0.7",
        "supports-preserve-symlinks-flag": "^1.0.0"
      }
    },
    "resolve-cwd": {
      "version": "3.0.0",
      "resolved": "http://npm.idcvdian.com/resolve-cwd/download/resolve-cwd-3.0.0.tgz",
      "integrity": "sha1-DwB18bslRHZs9zumpuKt/ryxPy0=",
      "dev": true,
      "requires": {
        "resolve-from": "^5.0.0"
      }
    },
    "resolve-from": {
      "version": "5.0.0",
      "resolved": "http://npm.idcvdian.com/resolve-from/download/resolve-from-5.0.0.tgz",
      "integrity": "sha1-w1IlhD3493bfIcV1V7wIfp39/Gk=",
      "dev": true
    },
    "safe-buffer": {
      "version": "5.2.1",
      "resolved": "http://npm.idcvdian.com/safe-buffer/download/safe-buffer-5.2.1.tgz",
      "integrity": "sha1-Hq+fqb2x/dTsdfWPnNtOa3gn7sY="
    },
    "schema-utils": {
      "version": "3.3.0",
      "resolved": "http://npm.idcvdian.com/schema-utils/download/schema-utils-3.3.0.tgz",
      "integrity": "sha1-9QqIh3w8AWUqFbYirp6Xld96YP4=",
      "requires": {
        "@types/json-schema": "^7.0.8",
        "ajv": "^6.12.5",
        "ajv-keywords": "^3.5.2"
      }
    },
    "semver": {
      "version": "7.6.2",
      "resolved": "http://npm.idcvdian.com/semver/download/semver-7.6.2.tgz",
      "integrity": "sha1-Hjs0dZ+Jbo8U1hNHMs55iusMbhM=",
      "dev": true
    },
    "serialize-javascript": {
      "version": "6.0.2",
      "resolved": "http://npm.idcvdian.com/serialize-javascript/download/serialize-javascript-6.0.2.tgz",
      "integrity": "sha1-3voeBVyDv21Z6oBdjahiJU62psI=",
      "requires": {
        "randombytes": "^2.1.0"
      }
    },
    "shallow-clone": {
      "version": "3.0.1",
      "resolved": "http://npm.idcvdian.com/shallow-clone/download/shallow-clone-3.0.1.tgz",
      "integrity": "sha1-jymBrZJTH1UDWwH7IwdppA4C76M=",
      "dev": true,
      "requires": {
        "kind-of": "^6.0.2"
      }
    },
    "shebang-command": {
      "version": "2.0.0",
      "resolved": "http://npm.idcvdian.com/shebang-command/download/shebang-command-2.0.0.tgz",
      "integrity": "sha1-zNCvT4g1+9wmW4JGGq8MNmY/NOo=",
      "dev": true,
      "requires": {
        "shebang-regex": "^3.0.0"
      }
    },
    "shebang-regex": {
      "version": "3.0.0",
      "resolved": "http://npm.idcvdian.com/shebang-regex/download/shebang-regex-3.0.0.tgz",
      "integrity": "sha1-rhbxZE2HPsrYQ7AwexQzYtTEIXI=",
      "dev": true
    },
    "source-map": {
      "version": "0.7.4",
      "resolved": "http://npm.idcvdian.com/source-map/download/source-map-0.7.4.tgz",
      "integrity": "sha1-qbvnBcnYhG9OCP9nZazw8bCJhlY=",
      "dev": true
    },
    "source-map-support": {
      "version": "0.5.21",
      "resolved": "http://npm.idcvdian.com/source-map-support/download/source-map-support-0.5.21.tgz",
      "integrity": "sha1-BP58f54e0tZiIzwoyys1ufY/bk8=",
      "requires": {
        "buffer-from": "^1.0.0",
        "source-map": "^0.6.0"
      },
      "dependencies": {
        "source-map": {
          "version": "0.6.1",
          "resolved": "http://npm.idcvdian.com/source-map/download/source-map-0.6.1.tgz",
          "integrity": "sha1-dHIq8y6WFOnCh6jQu95IteLxomM="
        }
      }
    },
    "supports-color": {
      "version": "7.2.0",
      "resolved": "http://npm.idcvdian.com/supports-color/download/supports-color-7.2.0.tgz",
      "integrity": "sha1-G33NyzK4E4gBs+R4umpRyqiWSNo=",
      "dev": true,
      "requires": {
        "has-flag": "^4.0.0"
      }
    },
    "supports-preserve-symlinks-flag": {
      "version": "1.0.0",
      "resolved": "http://npm.idcvdian.com/supports-preserve-symlinks-flag/download/supports-preserve-symlinks-flag-1.0.0.tgz",
      "integrity": "sha1-btpL00SjyUrqN21MwxvHcxEDngk=",
      "dev": true
    },
    "tapable": {
      "version": "2.2.1",
      "resolved": "http://npm.idcvdian.com/tapable/download/tapable-2.2.1.tgz",
      "integrity": "sha1-GWenPvQGCoLxKrlq+G1S/bdu7KA="
    },
    "terser": {
      "version": "5.31.1",
      "resolved": "http://npm.idcvdian.com/terser/download/terser-5.31.1.tgz",
      "integrity": "sha1-c13jyYfdZx6VGQ5rmM/i8H888NQ=",
      "requires": {
        "@jridgewell/source-map": "^0.3.3",
        "acorn": "^8.8.2",
        "commander": "^2.20.0",
        "source-map-support": "~0.5.20"
      }
    },
    "terser-webpack-plugin": {
      "version": "5.3.10",
      "resolved": "http://npm.idcvdian.com/terser-webpack-plugin/download/terser-webpack-plugin-5.3.10.tgz",
      "integrity": "sha1-kE9MkZPG/SoD9pOiFQxiqS9A0Zk=",
      "requires": {
        "@jridgewell/trace-mapping": "^0.3.20",
        "jest-worker": "^27.4.5",
        "schema-utils": "^3.1.1",
        "serialize-javascript": "^6.0.1",
        "terser": "^5.26.0"
      }
    },
    "to-regex-range": {
      "version": "5.0.1",
      "resolved": "http://npm.idcvdian.com/to-regex-range/download/to-regex-range-5.0.1.tgz",
      "integrity": "sha1-FkjESq58jZiKMmAY7XL1tN0DkuQ=",
      "dev": true,
      "requires": {
        "is-number": "^7.0.0"
      }
    },
    "ts-loader": {
      "version": "9.5.1",
      "resolved": "http://npm.idcvdian.com/ts-loader/download/ts-loader-9.5.1.tgz",
      "integrity": "sha1-Y9WRKoYxLx++Ms7whZ+4shk9m4k=",
      "dev": true,
      "requires": {
        "chalk": "^4.1.0",
        "enhanced-resolve": "^5.0.0",
        "micromatch": "^4.0.0",
        "semver": "^7.3.4",
        "source-map": "^0.7.4"
      }
    },
    "typescript": {
      "version": "5.5.3",
      "resolved": "http://npm.idcvdian.com/typescript/download/typescript-5.5.3.tgz",
      "integrity": "sha1-4bCjw5QZCDigsWjncbCtVqCvD6o=",
      "dev": true
    },
    "undici-types": {
      "version": "5.26.5",
      "resolved": "http://npm.idcvdian.com/undici-types/download/undici-types-5.26.5.tgz",
      "integrity": "sha1-vNU5iT0AtW6WT9JlekhmsiGmVhc="
    },
    "update-browserslist-db": {
      "version": "1.0.16",
      "resolved": "http://npm.idcvdian.com/update-browserslist-db/download/update-browserslist-db-1.0.16.tgz",
      "integrity": "sha1-9tSJ7ZD7LwfWd4TrP1PXiR9zY1Y=",
      "requires": {
        "escalade": "^3.1.2",
        "picocolors": "^1.0.1"
      }
    },
    "uri-js": {
      "version": "4.4.1",
      "resolved": "http://npm.idcvdian.com/uri-js/download/uri-js-4.4.1.tgz",
      "integrity": "sha1-mxpSWVIlhZ5V9mnZKPiMbFfyp34=",
      "requires": {
        "punycode": "^2.1.0"
      }
    },
    "watchpack": {
      "version": "2.4.1",
      "resolved": "http://npm.idcvdian.com/watchpack/download/watchpack-2.4.1.tgz",
      "integrity": "sha1-KTCPLKwVD6jkyS+Q4OyVSp/tf/8=",
      "requires": {
        "glob-to-regexp": "^0.4.1",
        "graceful-fs": "^4.1.2"
      }
    },
    "webpack": {
      "version": "5.92.1",
      "resolved": "http://npm.idcvdian.com/webpack/download/webpack-5.92.1.tgz",
      "integrity": "sha1-7KXBclueGJz/vYbotsPHQA78V4g=",
      "requires": {
        "@types/eslint-scope": "^3.7.3",
        "@types/estree": "^1.0.5",
        "@webassemblyjs/ast": "^1.12.1",
        "@webassemblyjs/wasm-edit": "^1.12.1",
        "@webassemblyjs/wasm-parser": "^1.12.1",
        "acorn": "^8.7.1",
        "acorn-import-attributes": "^1.9.5",
        "browserslist": "^4.21.10",
        "chrome-trace-event": "^1.0.2",
        "enhanced-resolve": "^5.17.0",
        "es-module-lexer": "^1.2.1",
        "eslint-scope": "5.1.1",
        "events": "^3.2.0",
        "glob-to-regexp": "^0.4.1",
        "graceful-fs": "^4.2.11",
        "json-parse-even-better-errors": "^2.3.1",
        "loader-runner": "^4.2.0",
        "mime-types": "^2.1.27",
        "neo-async": "^2.6.2",
        "schema-utils": "^3.2.0",
        "tapable": "^2.1.1",
        "terser-webpack-plugin": "^5.3.10",
        "watchpack": "^2.4.1",
        "webpack-sources": "^3.2.3"
      }
    },
    "webpack-cli": {
      "version": "5.1.4",
      "resolved": "http://npm.idcvdian.com/webpack-cli/download/webpack-cli-5.1.4.tgz",
      "integrity": "sha1-yOBGun6q5JEdfnHislt3b8w1dZs=",
      "dev": true,
      "requires": {
        "@discoveryjs/json-ext": "^0.5.0",
        "@webpack-cli/configtest": "^2.1.1",
        "@webpack-cli/info": "^2.0.2",
        "@webpack-cli/serve": "^2.0.5",
        "colorette": "^2.0.14",
        "commander": "^10.0.1",
        "cross-spawn": "^7.0.3",
        "envinfo": "^7.7.3",
        "fastest-levenshtein": "^1.0.12",
        "import-local": "^3.0.2",
        "interpret": "^3.1.1",
        "rechoir": "^0.8.0",
        "webpack-merge": "^5.7.3"
      },
      "dependencies": {
        "commander": {
          "version": "10.0.1",
          "resolved": "http://npm.idcvdian.com/commander/download/commander-10.0.1.tgz",
          "integrity": "sha1-iB7ka0930cHczFgjQzqjmwIsvgY=",
          "dev": true
        }
      }
    },
    "webpack-merge": {
      "version": "5.10.0",
      "resolved": "http://npm.idcvdian.com/webpack-merge/download/webpack-merge-5.10.0.tgz",
      "integrity": "sha1-o61ddzJB6caCgDq/Yo1M1iuKQXc=",
      "dev": true,
      "requires": {
        "clone-deep": "^4.0.1",
        "flat": "^5.0.2",
        "wildcard": "^2.0.0"
      }
    },
    "webpack-sources": {
      "version": "3.2.3",
      "resolved": "http://npm.idcvdian.com/webpack-sources/download/webpack-sources-3.2.3.tgz",
      "integrity": "sha1-LU2quEUf1LJAzCcFX/agwszqDN4="
    },
    "which": {
      "version": "2.0.2",
      "resolved": "http://npm.idcvdian.com/which/download/which-2.0.2.tgz",
      "integrity": "sha1-fGqN0KY2oDJ+ELWckobu6T8/UbE=",
      "dev": true,
      "requires": {
        "isexe": "^2.0.0"
      }
    },
    "wildcard": {
      "version": "2.0.1",
      "resolved": "http://npm.idcvdian.com/wildcard/download/wildcard-2.0.1.tgz",
      "integrity": "sha1-WrENAkhxmJVINrY0n3T/+WHhD2c=",
      "dev": true
    }
  }
}
